
Microsoft Visual Studio Solution File, Format Version 12.00
# Visual Studio Version 17
VisualStudioVersion = 17.6.33513.286
MinimumVisualStudioVersion = 10.0.40219.1
Project("{9A19103F-16F7-4668-BE54-9A1E7A4F7556}") = "Lifestream", "Lifestream\Lifestream.csproj", "{48DDD549-22F4-47E7-914D-2D3D06B40419}"
EndProject
Project("{9A19103F-16F7-4668-BE54-9A1E7A4F7556}") = "ECommons", "ECommons\ECommons\ECommons.csproj", "{25D4EDE1-6B0F-41C4-BA82-AE89E41904DF}"
EndProject
Project("{9A19103F-16F7-4668-BE54-9A1E7A4F7556}") = "AutoRetainerAPI", "AutoRetainerAPI\AutoRetainerAPI\AutoRetainerAPI.csproj", "{D0424DA4-A44F-4AEA-B6D7-1823DB14F597}"
EndProject
Project("{9A19103F-16F7-4668-BE54-9A1E7A4F7556}") = "OtterGui", "OtterGui\OtterGui.csproj", "{BBA67CE7-AB82-4FBC-816D-717E5227F943}"
EndProject
Project("{9A19103F-16F7-4668-BE54-9A1E7A4F7556}") = "NightmareUI", "NightmareUI\NightmareUI\NightmareUI.csproj", "{71B41207-2850-4B66-9D44-B0A7B991B177}"
EndProject
Project("{9A19103F-16F7-4668-BE54-9A1E7A4F7556}") = "NightmareUI.OtterGuiWrapper", "NightmareUI.OtterGuiWrapper\NightmareUI.OtterGuiWrapper\NightmareUI.OtterGuiWrapper.csproj", "{C091AB3B-F722-4812-B434-6F3C97900F47}"
EndProject
Project("{9A19103F-16F7-4668-BE54-9A1E7A4F7556}") = "InteropGenerator", "FFXIVClientStructs\InteropGenerator\InteropGenerator.csproj", "{DB4B431E-FAEE-4721-A6B1-43D0A119C523}"
EndProject
Project("{9A19103F-16F7-4668-BE54-9A1E7A4F7556}") = "InteropGenerator.Runtime", "FFXIVClientStructs\InteropGenerator.Runtime\InteropGenerator.Runtime.csproj", "{7001A8F2-4CD1-441C-97E5-35A620E2B599}"
EndProject
Project("{9A19103F-16F7-4668-BE54-9A1E7A4F7556}") = "FFXIVClientStructs", "FFXIVClientStructs\FFXIVClientStructs\FFXIVClientStructs.csproj", "{92FB2660-77DD-4E66-8A9A-66B1E71EE4DA}"
EndProject
Project("{9A19103F-16F7-4668-BE54-9A1E7A4F7556}") = "FFXIVClientStructs.Generators", "FFXIVClientStructs\FFXIVClientStructs.Generators\FFXIVClientStructs.Generators.csproj", "{BDFD9DE2-1CB4-495C-A8EE-F58EA51B9CBC}"
EndProject
Global
	GlobalSection(SolutionConfigurationPlatforms) = preSolution
		Debug|Any CPU = Debug|Any CPU
		Debug|x64 = Debug|x64
		Release|Any CPU = Release|Any CPU
		Release|x64 = Release|x64
	EndGlobalSection
	GlobalSection(ProjectConfigurationPlatforms) = postSolution
		{48DDD549-22F4-47E7-914D-2D3D06B40419}.Debug|Any CPU.ActiveCfg = Debug|x64
		{48DDD549-22F4-47E7-914D-2D3D06B40419}.Debug|Any CPU.Build.0 = Debug|x64
		{48DDD549-22F4-47E7-914D-2D3D06B40419}.Debug|x64.ActiveCfg = Debug|x64
		{48DDD549-22F4-47E7-914D-2D3D06B40419}.Debug|x64.Build.0 = Debug|x64
		{48DDD549-22F4-47E7-914D-2D3D06B40419}.Release|Any CPU.ActiveCfg = Release|x64
		{48DDD549-22F4-47E7-914D-2D3D06B40419}.Release|Any CPU.Build.0 = Release|x64
		{48DDD549-22F4-47E7-914D-2D3D06B40419}.Release|x64.ActiveCfg = Release|x64
		{48DDD549-22F4-47E7-914D-2D3D06B40419}.Release|x64.Build.0 = Release|x64
		{25D4EDE1-6B0F-41C4-BA82-AE89E41904DF}.Debug|Any CPU.ActiveCfg = Debug|x64
		{25D4EDE1-6B0F-41C4-BA82-AE89E41904DF}.Debug|Any CPU.Build.0 = Debug|x64
		{25D4EDE1-6B0F-41C4-BA82-AE89E41904DF}.Debug|x64.ActiveCfg = Debug|x64
		{25D4EDE1-6B0F-41C4-BA82-AE89E41904DF}.Debug|x64.Build.0 = Debug|x64
		{25D4EDE1-6B0F-41C4-BA82-AE89E41904DF}.Release|Any CPU.ActiveCfg = Release|x64
		{25D4EDE1-6B0F-41C4-BA82-AE89E41904DF}.Release|Any CPU.Build.0 = Release|x64
		{25D4EDE1-6B0F-41C4-BA82-AE89E41904DF}.Release|x64.ActiveCfg = Release|x64
		{25D4EDE1-6B0F-41C4-BA82-AE89E41904DF}.Release|x64.Build.0 = Release|x64
		{D0424DA4-A44F-4AEA-B6D7-1823DB14F597}.Debug|Any CPU.ActiveCfg = Debug|x64
		{D0424DA4-A44F-4AEA-B6D7-1823DB14F597}.Debug|Any CPU.Build.0 = Debug|x64
		{D0424DA4-A44F-4AEA-B6D7-1823DB14F597}.Debug|x64.ActiveCfg = Debug|x64
		{D0424DA4-A44F-4AEA-B6D7-1823DB14F597}.Debug|x64.Build.0 = Debug|x64
		{D0424DA4-A44F-4AEA-B6D7-1823DB14F597}.Release|Any CPU.ActiveCfg = Release|x64
		{D0424DA4-A44F-4AEA-B6D7-1823DB14F597}.Release|Any CPU.Build.0 = Release|x64
		{D0424DA4-A44F-4AEA-B6D7-1823DB14F597}.Release|x64.ActiveCfg = Release|x64
		{D0424DA4-A44F-4AEA-B6D7-1823DB14F597}.Release|x64.Build.0 = Release|x64
		{BBA67CE7-AB82-4FBC-816D-717E5227F943}.Debug|Any CPU.ActiveCfg = Debug|x64
		{BBA67CE7-AB82-4FBC-816D-717E5227F943}.Debug|Any CPU.Build.0 = Debug|x64
		{BBA67CE7-AB82-4FBC-816D-717E5227F943}.Debug|x64.ActiveCfg = Debug|x64
		{BBA67CE7-AB82-4FBC-816D-717E5227F943}.Debug|x64.Build.0 = Debug|x64
		{BBA67CE7-AB82-4FBC-816D-717E5227F943}.Release|Any CPU.ActiveCfg = Release|x64
		{BBA67CE7-AB82-4FBC-816D-717E5227F943}.Release|Any CPU.Build.0 = Release|x64
		{BBA67CE7-AB82-4FBC-816D-717E5227F943}.Release|x64.ActiveCfg = Release|x64
		{BBA67CE7-AB82-4FBC-816D-717E5227F943}.Release|x64.Build.0 = Release|x64
		{71B41207-2850-4B66-9D44-B0A7B991B177}.Debug|Any CPU.ActiveCfg = Debug|x64
		{71B41207-2850-4B66-9D44-B0A7B991B177}.Debug|Any CPU.Build.0 = Debug|x64
		{71B41207-2850-4B66-9D44-B0A7B991B177}.Debug|x64.ActiveCfg = Debug|x64
		{71B41207-2850-4B66-9D44-B0A7B991B177}.Debug|x64.Build.0 = Debug|x64
		{71B41207-2850-4B66-9D44-B0A7B991B177}.Release|Any CPU.ActiveCfg = Release|x64
		{71B41207-2850-4B66-9D44-B0A7B991B177}.Release|Any CPU.Build.0 = Release|x64
		{71B41207-2850-4B66-9D44-B0A7B991B177}.Release|x64.ActiveCfg = Release|x64
		{71B41207-2850-4B66-9D44-B0A7B991B177}.Release|x64.Build.0 = Release|x64
		{C091AB3B-F722-4812-B434-6F3C97900F47}.Debug|Any CPU.ActiveCfg = Debug|x64
		{C091AB3B-F722-4812-B434-6F3C97900F47}.Debug|Any CPU.Build.0 = Debug|x64
		{C091AB3B-F722-4812-B434-6F3C97900F47}.Debug|x64.ActiveCfg = Debug|x64
		{C091AB3B-F722-4812-B434-6F3C97900F47}.Debug|x64.Build.0 = Debug|x64
		{C091AB3B-F722-4812-B434-6F3C97900F47}.Release|Any CPU.ActiveCfg = Release|x64
		{C091AB3B-F722-4812-B434-6F3C97900F47}.Release|Any CPU.Build.0 = Release|x64
		{C091AB3B-F722-4812-B434-6F3C97900F47}.Release|x64.ActiveCfg = Release|x64
		{C091AB3B-F722-4812-B434-6F3C97900F47}.Release|x64.Build.0 = Release|x64
	EndGlobalSection
	GlobalSection(SolutionProperties) = preSolution
		HideSolutionNode = FALSE
	EndGlobalSection
	GlobalSection(ExtensibilityGlobals) = postSolution
		SolutionGuid = {04F3ED14-0190-46AB-8B9D-660A547E67B1}
	EndGlobalSection
EndGlobal
