{
  "version": 1,
  "dependencies": {
    "net8.0-windows7.0": {
      "DalamudPackager": {
        "type": "Direct",
        "requested": "[2.1.13, )",
        "resolved": "2.1.13",
        "contentHash": "rMN1omGe8536f4xLMvx9NwfvpAc9YFFfeXJ1t4P4PE6Gu8WCIoFliR1sh07hM+bfODmesk/dvMbji7vNI+B/pQ=="
      },
      "NotificationMasterAPI": {
        "type": "Direct",
        "requested": "[1.0.0.1, )",
        "resolved": "1.0.0.1",
        "contentHash": "ta+lQtxQzHkqPC3doDn3ud8MvtwNnTgTIeXqfqu92G4lAy+/UJZ6iEefFH4MRZmX8Z99nUmUJZ4zcRvVMABzjQ=="
      },
      "JetBrains.Annotations": {
        "type": "Transitive",
        "resolved": "2024.2.0",
        "contentHash": "GNnqCFW/163p1fOehKx0CnAqjmpPrUSqrgfHM6qca+P+RN39C9rhlfZHQpJhxmQG/dkOYe/b3Z0P8b6Kv5m1qw=="
      },
      "Microsoft.Extensions.DependencyInjection": {
        "type": "Transitive",
        "resolved": "8.0.0",
        "contentHash": "V8S3bsm50ig6JSyrbcJJ8bW2b9QLGouz+G1miK3UTaOWmMtFwNNNzUf4AleyDWUmTrWMLNnFSLEQtxmxgNQnNQ==",
        "dependencies": {
          "Microsoft.Extensions.DependencyInjection.Abstractions": "8.0.0"
        }
      },
      "Microsoft.Extensions.DependencyInjection.Abstractions": {
        "type": "Transitive",
        "resolved": "8.0.0",
        "contentHash": "cjWrLkJXK0rs4zofsK4bSdg+jhDLTaxrkXu4gS6Y7MAlCvRyNNgwY/lJi5RDlQOnSZweHqoyvgvbdvQsRIW+hg=="
      },
      "autoretainerapi": {
        "type": "Project",
        "dependencies": {
          "ECommons": "[2.2.0.2, )"
        }
      },
      "ecommons": {
        "type": "Project"
      },
      "ffxivclientstructs": {
        "type": "Project",
        "dependencies": {
          "InteropGenerator.Runtime": "[1.0.0, )",
          "JetBrains.Annotations": "[2021.2.0, )"
        }
      },
      "interopgenerator": {
        "type": "Project"
      },
      "interopgenerator.runtime": {
        "type": "Project"
      },
      "nightmareui": {
        "type": "Project",
        "dependencies": {
          "ECommons": "[2.2.0.2, )"
        }
      },
      "nightmareui.otterguiwrapper": {
        "type": "Project",
        "dependencies": {
          "ECommons": "[2.2.0.2, )",
          "NightmareUI": "[1.0.0, )",
          "OtterGui": "[1.0.0, )"
        }
      },
      "ottergui": {
        "type": "Project",
        "dependencies": {
          "JetBrains.Annotations": "[2024.2.0, )",
          "Microsoft.Extensions.DependencyInjection": "[8.0.0, )"
        }
      }
    }
  }
}